
Microsoft Visual Studio Solution File, Format Version 12.00
# Visual Studio 15
VisualStudioVersion = 15.0.28307.168
MinimumVisualStudioVersion = 10.0.40219.1
Project("{8BC9CEB8-8B4A-11D0-8D11-00A0C91BC942}") = "Labirynt", "Labirynt.vcxproj", "{23E72CC7-DADB-46B1-94ED-646A72446534}"
EndProject
Global
	GlobalSection(SolutionConfigurationPlatforms) = preSolution
		Debug|x64 = Debug|x64
		Debug|x86 = Debug|x86
		Release|x64 = Release|x64
		Release|x86 = Release|x86
	EndGlobalSection
	GlobalSection(ProjectConfigurationPlatforms) = postSolution
		{23E72CC7-DADB-46B1-94ED-646A72446534}.Debug|x64.ActiveCfg = Debug|x64
		{23E72CC7-DADB-46B1-94ED-646A72446534}.Debug|x64.Build.0 = Debug|x64
		{23E72CC7-DADB-46B1-94ED-646A72446534}.Debug|x86.ActiveCfg = Debug|Win32
		{23E72CC7-DADB-46B1-94ED-646A72446534}.Debug|x86.Build.0 = Debug|Win32
		{23E72CC7-DADB-46B1-94ED-646A72446534}.Release|x64.ActiveCfg = Release|x64
		{23E72CC7-DADB-46B1-94ED-646A72446534}.Release|x64.Build.0 = Release|x64
		{23E72CC7-DADB-46B1-94ED-646A72446534}.Release|x86.ActiveCfg = Release|Win32
		{23E72CC7-DADB-46B1-94ED-646A72446534}.Release|x86.Build.0 = Release|Win32
	EndGlobalSection
	GlobalSection(SolutionProperties) = preSolution
		HideSolutionNode = FALSE
	EndGlobalSection
	GlobalSection(ExtensibilityGlobals) = postSolution
		SolutionGuid = {B04C4CC3-4DED-4FB9-B4BC-6311F15DF127}
	EndGlobalSection
EndGlobal
